
Microsoft Visual Studio Solution File, Format Version 12.00
# Visual Studio Version 17
VisualStudioVersion = 17.10.34928.147
MinimumVisualStudioVersion = 10.0.40219.1
Project("{FAE04EC0-301F-11D3-BF4B-00C04F79EFBC}") = "YoutubeMVVM", "YoutubeMVVM\YoutubeMVVM.csproj", "{029DF8EC-F112-4E3E-AC1F-1888F4CB9320}"
EndProject
Global
	GlobalSection(SolutionConfigurationPlatforms) = preSolution
		Debug|Any CPU = Debug|Any CPU
		Release|Any CPU = Release|Any CPU
	EndGlobalSection
	GlobalSection(ProjectConfigurationPlatforms) = postSolution
		{029DF8EC-F112-4E3E-AC1F-1888F4CB9320}.Debug|Any CPU.ActiveCfg = Debug|Any CPU
		{029DF8EC-F112-4E3E-AC1F-1888F4CB9320}.Debug|Any CPU.Build.0 = Debug|Any CPU
		{029DF8EC-F112-4E3E-AC1F-1888F4CB9320}.Release|Any CPU.ActiveCfg = Release|Any CPU
		{029DF8EC-F112-4E3E-AC1F-1888F4CB9320}.Release|Any CPU.Build.0 = Release|Any CPU
	EndGlobalSection
	GlobalSection(SolutionProperties) = preSolution
		HideSolutionNode = FALSE
	EndGlobalSection
	GlobalSection(ExtensibilityGlobals) = postSolution
		SolutionGuid = {2D9A3EB7-899A-4020-ADE9-57E3BD668D2E}
	EndGlobalSection
EndGlobal
